
Microsoft Visual Studio Solution File, Format Version 12.00
# Visual Studio 15
VisualStudioVersion = 15.0.27130.2010
MinimumVisualStudioVersion = 10.0.40219.1
Project("{2150E333-8FDC-42A3-9474-1A3956D46DE8}") = "Applications", "Applications", "{5399C8C1-C9FF-4420-A9DB-DA410DC059BC}"
EndProject
Project("{2150E333-8FDC-42A3-9474-1A3956D46DE8}") = "Infrastructure", "Infrastructure", "{691B6728-66FC-4D7E-A337-A7A0BD2B4C1A}"
EndProject
Project("{2150E333-8FDC-42A3-9474-1A3956D46DE8}") = "Solution Items", "Solution Items", "{F0314E07-4464-4CC3-8BE7-73C20D15D91D}"
	ProjectSection(SolutionItems) = preProject
		README.md = README.md
	EndProjectSection
EndProject
Project("{2150E333-8FDC-42A3-9474-1A3956D46DE8}") = "Framework", "Framework", "{6DCF17CB-68D7-4513-AD68-B638DAC7FC5F}"
EndProject
Project("{2150E333-8FDC-42A3-9474-1A3956D46DE8}") = "Domains", "Domains", "{A0018794-17FF-4BB8-9E62-0C62D8D893F4}"
EndProject
Project("{2150E333-8FDC-42A3-9474-1A3956D46DE8}") = "Payments", "Payments", "{36AC8DA8-60B0-4388-A420-1C8B9C5374B5}"
EndProject
Project("{2150E333-8FDC-42A3-9474-1A3956D46DE8}") = "Tickets", "Tickets", "{3AF9A4E3-402A-42EE-BACC-6C242ADA662B}"
EndProject
Project("{2150E333-8FDC-42A3-9474-1A3956D46DE8}") = "Domain", "Domain", "{DFF55DED-12EA-41E4-9AB6-D396CA755447}"
EndProject
Project("{2150E333-8FDC-42A3-9474-1A3956D46DE8}") = "Domain", "Domain", "{6A84DF11-0BAF-44B4-8BC0-2F4D56F044B0}"
EndProject
Project("{9A19103F-16F7-4668-BE54-9A1E7A4F7556}") = "ServicesFramework.DDD", "Framework\DDD\ServicesFramework.DDD\ServicesFramework.DDD.csproj", "{A010095E-3A6B-43B1-BF1C-5DD3E53388AC}"
EndProject
Project("{9A19103F-16F7-4668-BE54-9A1E7A4F7556}") = "Infrastructure.IoC.DryIoc", "Infrastructure\Infrastructure.IoC.DryIoc\Infrastructure.IoC.DryIoc.csproj", "{AC5B39F1-0B86-4816-84C8-BCF86E0C4F8A}"
EndProject
Project("{9A19103F-16F7-4668-BE54-9A1E7A4F7556}") = "Infrastructure.IoC", "Infrastructure\Infrastructure.IoC\Infrastructure.IoC.csproj", "{77AE39F5-46DE-4FB6-8EC5-6F3D6CA73DAD}"
EndProject
Project("{9A19103F-16F7-4668-BE54-9A1E7A4F7556}") = "Infrastructure.IoC.SimpleInjector", "Infrastructure\Infrastructure.IoC.SimpleInjector\Infrastructure.IoC.SimpleInjector.csproj", "{8653B768-CCA2-4CD4-BA97-ABE53FA370C8}"
EndProject
Project("{9A19103F-16F7-4668-BE54-9A1E7A4F7556}") = "Infrastructure.IoC.Autofac", "Infrastructure\Infrastructure.IoC.Autofac\Infrastructure.IoC.Autofac.csproj", "{33A7859E-AD94-44B4-B1D5-333B4F51C0BD}"
EndProject
Project("{9A19103F-16F7-4668-BE54-9A1E7A4F7556}") = "ServicesFramework.CQRS", "Framework\CQRS\ServicesFramework.CQRS\ServicesFramework.CQRS.csproj", "{2DADFED1-8BC8-4E48-BAFB-26BF83D1E059}"
EndProject
Project("{2150E333-8FDC-42A3-9474-1A3956D46DE8}") = "Trips", "Trips", "{9CA1C640-0F78-4D58-8AE1-4C8E50B0077E}"
EndProject
Project("{2150E333-8FDC-42A3-9474-1A3956D46DE8}") = "Domain", "Domain", "{7DC5B5FC-7486-4132-809D-8E32A399AADF}"
EndProject
Project("{2150E333-8FDC-42A3-9474-1A3956D46DE8}") = "API", "API", "{EFA917A4-B282-44D3-AD24-26D73A9BDCA7}"
EndProject
Project("{2150E333-8FDC-42A3-9474-1A3956D46DE8}") = "API", "API", "{117F96DE-E1C1-41D5-8C20-649007616A46}"
EndProject
Project("{9A19103F-16F7-4668-BE54-9A1E7A4F7556}") = "Payments.API", "Domains\Payments\API\Payments.API.csproj", "{BBCC2A6B-1EE4-4409-B966-E9B5B30BF820}"
EndProject
Project("{9A19103F-16F7-4668-BE54-9A1E7A4F7556}") = "Tickets.API", "Domains\Tickets\API\Tickets.API\Tickets.API.csproj", "{47B11443-AACE-49A7-9265-787514CA0C1F}"
EndProject
Project("{9A19103F-16F7-4668-BE54-9A1E7A4F7556}") = "Tickets.Commands", "Domains\Tickets\API\Tickets.Commands\Tickets.Commands.csproj", "{FF6FE726-6050-4015-9CB0-16CB2D1D4C7F}"
EndProject
Project("{9A19103F-16F7-4668-BE54-9A1E7A4F7556}") = "Tickets.Queries", "Domains\Tickets\API\Tickets.Queries\Tickets.Queries.csproj", "{79AFD25F-1B2E-46A8-A4B8-3CC27221268E}"
EndProject
Project("{9A19103F-16F7-4668-BE54-9A1E7A4F7556}") = "Tickets.Domain", "Domains\Tickets\Domain\Tickets.Domain.csproj", "{97417897-4BBC-479D-91F0-17DEFBC8F889}"
EndProject
Project("{2150E333-8FDC-42A3-9474-1A3956D46DE8}") = "Infrastructure", "Infrastructure", "{2F00997F-9074-45CB-B0D8-92AF4764E131}"
EndProject
Project("{2150E333-8FDC-42A3-9474-1A3956D46DE8}") = "Infrastructure", "Infrastructure", "{5A408B36-B3D7-476B-92BF-B78A1D3FBB68}"
EndProject
Project("{9A19103F-16F7-4668-BE54-9A1E7A4F7556}") = "Trips.Domain", "Domains\Trips\Domain\Trips.Domain.csproj", "{6114D2A7-3DDB-4B4F-9C35-7C528737BE9A}"
EndProject
Project("{2150E333-8FDC-42A3-9474-1A3956D46DE8}") = "API", "API", "{A5ED1B71-D246-4487-A888-929BFC8B7660}"
EndProject
Project("{2150E333-8FDC-42A3-9474-1A3956D46DE8}") = "Infrastructure", "Infrastructure", "{0A148111-2B8F-47D1-8915-210F42DAAED7}"
EndProject
Project("{2150E333-8FDC-42A3-9474-1A3956D46DE8}") = "TravelAgency.Web", "TravelAgency.Web", "{F47ECE5F-542E-4852-9E34-AB8AE794DF6E}"
EndProject
Project("{FAE04EC0-301F-11D3-BF4B-00C04F79EFBC}") = "Trips.Infrastructure", "Domains\Trips\Infrastructure\Trips.Infrastructure\Trips.Infrastructure.csproj", "{EAB3E959-7A8C-4F97-AF3A-0C9E0A03111D}"
EndProject
Project("{FAE04EC0-301F-11D3-BF4B-00C04F79EFBC}") = "Trips.API", "Domains\Trips\API\Trips.API\Trips.API.csproj", "{E6871EC8-A002-45DC-BB1A-299C6E4FDBA9}"
EndProject
Project("{FAE04EC0-301F-11D3-BF4B-00C04F79EFBC}") = "Trips.Commands", "Domains\Trips\API\Trips.Command\Trips.Commands.csproj", "{8E21D80B-047A-4E79-A62A-FAA8FB588D27}"
EndProject
Global
	GlobalSection(SolutionConfigurationPlatforms) = preSolution
		Debug|Any CPU = Debug|Any CPU
		Release|Any CPU = Release|Any CPU
	EndGlobalSection
	GlobalSection(ProjectConfigurationPlatforms) = postSolution
		{A010095E-3A6B-43B1-BF1C-5DD3E53388AC}.Debug|Any CPU.ActiveCfg = Debug|Any CPU
		{A010095E-3A6B-43B1-BF1C-5DD3E53388AC}.Debug|Any CPU.Build.0 = Debug|Any CPU
		{A010095E-3A6B-43B1-BF1C-5DD3E53388AC}.Release|Any CPU.ActiveCfg = Release|Any CPU
		{A010095E-3A6B-43B1-BF1C-5DD3E53388AC}.Release|Any CPU.Build.0 = Release|Any CPU
		{AC5B39F1-0B86-4816-84C8-BCF86E0C4F8A}.Debug|Any CPU.ActiveCfg = Debug|Any CPU
		{AC5B39F1-0B86-4816-84C8-BCF86E0C4F8A}.Debug|Any CPU.Build.0 = Debug|Any CPU
		{AC5B39F1-0B86-4816-84C8-BCF86E0C4F8A}.Release|Any CPU.ActiveCfg = Release|Any CPU
		{AC5B39F1-0B86-4816-84C8-BCF86E0C4F8A}.Release|Any CPU.Build.0 = Release|Any CPU
		{77AE39F5-46DE-4FB6-8EC5-6F3D6CA73DAD}.Debug|Any CPU.ActiveCfg = Debug|Any CPU
		{77AE39F5-46DE-4FB6-8EC5-6F3D6CA73DAD}.Debug|Any CPU.Build.0 = Debug|Any CPU
		{77AE39F5-46DE-4FB6-8EC5-6F3D6CA73DAD}.Release|Any CPU.ActiveCfg = Release|Any CPU
		{77AE39F5-46DE-4FB6-8EC5-6F3D6CA73DAD}.Release|Any CPU.Build.0 = Release|Any CPU
		{8653B768-CCA2-4CD4-BA97-ABE53FA370C8}.Debug|Any CPU.ActiveCfg = Debug|Any CPU
		{8653B768-CCA2-4CD4-BA97-ABE53FA370C8}.Debug|Any CPU.Build.0 = Debug|Any CPU
		{8653B768-CCA2-4CD4-BA97-ABE53FA370C8}.Release|Any CPU.ActiveCfg = Release|Any CPU
		{8653B768-CCA2-4CD4-BA97-ABE53FA370C8}.Release|Any CPU.Build.0 = Release|Any CPU
		{33A7859E-AD94-44B4-B1D5-333B4F51C0BD}.Debug|Any CPU.ActiveCfg = Debug|Any CPU
		{33A7859E-AD94-44B4-B1D5-333B4F51C0BD}.Debug|Any CPU.Build.0 = Debug|Any CPU
		{33A7859E-AD94-44B4-B1D5-333B4F51C0BD}.Release|Any CPU.ActiveCfg = Release|Any CPU
		{33A7859E-AD94-44B4-B1D5-333B4F51C0BD}.Release|Any CPU.Build.0 = Release|Any CPU
		{2DADFED1-8BC8-4E48-BAFB-26BF83D1E059}.Debug|Any CPU.ActiveCfg = Debug|Any CPU
		{2DADFED1-8BC8-4E48-BAFB-26BF83D1E059}.Debug|Any CPU.Build.0 = Debug|Any CPU
		{2DADFED1-8BC8-4E48-BAFB-26BF83D1E059}.Release|Any CPU.ActiveCfg = Release|Any CPU
		{2DADFED1-8BC8-4E48-BAFB-26BF83D1E059}.Release|Any CPU.Build.0 = Release|Any CPU
		{BBCC2A6B-1EE4-4409-B966-E9B5B30BF820}.Debug|Any CPU.ActiveCfg = Debug|Any CPU
		{BBCC2A6B-1EE4-4409-B966-E9B5B30BF820}.Debug|Any CPU.Build.0 = Debug|Any CPU
		{BBCC2A6B-1EE4-4409-B966-E9B5B30BF820}.Release|Any CPU.ActiveCfg = Release|Any CPU
		{BBCC2A6B-1EE4-4409-B966-E9B5B30BF820}.Release|Any CPU.Build.0 = Release|Any CPU
		{47B11443-AACE-49A7-9265-787514CA0C1F}.Debug|Any CPU.ActiveCfg = Debug|Any CPU
		{47B11443-AACE-49A7-9265-787514CA0C1F}.Debug|Any CPU.Build.0 = Debug|Any CPU
		{47B11443-AACE-49A7-9265-787514CA0C1F}.Release|Any CPU.ActiveCfg = Release|Any CPU
		{47B11443-AACE-49A7-9265-787514CA0C1F}.Release|Any CPU.Build.0 = Release|Any CPU
		{FF6FE726-6050-4015-9CB0-16CB2D1D4C7F}.Debug|Any CPU.ActiveCfg = Debug|Any CPU
		{FF6FE726-6050-4015-9CB0-16CB2D1D4C7F}.Debug|Any CPU.Build.0 = Debug|Any CPU
		{FF6FE726-6050-4015-9CB0-16CB2D1D4C7F}.Release|Any CPU.ActiveCfg = Release|Any CPU
		{FF6FE726-6050-4015-9CB0-16CB2D1D4C7F}.Release|Any CPU.Build.0 = Release|Any CPU
		{79AFD25F-1B2E-46A8-A4B8-3CC27221268E}.Debug|Any CPU.ActiveCfg = Debug|Any CPU
		{79AFD25F-1B2E-46A8-A4B8-3CC27221268E}.Debug|Any CPU.Build.0 = Debug|Any CPU
		{79AFD25F-1B2E-46A8-A4B8-3CC27221268E}.Release|Any CPU.ActiveCfg = Release|Any CPU
		{79AFD25F-1B2E-46A8-A4B8-3CC27221268E}.Release|Any CPU.Build.0 = Release|Any CPU
		{97417897-4BBC-479D-91F0-17DEFBC8F889}.Debug|Any CPU.ActiveCfg = Debug|Any CPU
		{97417897-4BBC-479D-91F0-17DEFBC8F889}.Debug|Any CPU.Build.0 = Debug|Any CPU
		{97417897-4BBC-479D-91F0-17DEFBC8F889}.Release|Any CPU.ActiveCfg = Release|Any CPU
		{97417897-4BBC-479D-91F0-17DEFBC8F889}.Release|Any CPU.Build.0 = Release|Any CPU
		{6114D2A7-3DDB-4B4F-9C35-7C528737BE9A}.Debug|Any CPU.ActiveCfg = Debug|Any CPU
		{6114D2A7-3DDB-4B4F-9C35-7C528737BE9A}.Debug|Any CPU.Build.0 = Debug|Any CPU
		{6114D2A7-3DDB-4B4F-9C35-7C528737BE9A}.Release|Any CPU.ActiveCfg = Release|Any CPU
		{6114D2A7-3DDB-4B4F-9C35-7C528737BE9A}.Release|Any CPU.Build.0 = Release|Any CPU
		{EAB3E959-7A8C-4F97-AF3A-0C9E0A03111D}.Debug|Any CPU.ActiveCfg = Debug|Any CPU
		{EAB3E959-7A8C-4F97-AF3A-0C9E0A03111D}.Debug|Any CPU.Build.0 = Debug|Any CPU
		{EAB3E959-7A8C-4F97-AF3A-0C9E0A03111D}.Release|Any CPU.ActiveCfg = Release|Any CPU
		{EAB3E959-7A8C-4F97-AF3A-0C9E0A03111D}.Release|Any CPU.Build.0 = Release|Any CPU
		{E6871EC8-A002-45DC-BB1A-299C6E4FDBA9}.Debug|Any CPU.ActiveCfg = Debug|Any CPU
		{E6871EC8-A002-45DC-BB1A-299C6E4FDBA9}.Debug|Any CPU.Build.0 = Debug|Any CPU
		{E6871EC8-A002-45DC-BB1A-299C6E4FDBA9}.Release|Any CPU.ActiveCfg = Release|Any CPU
		{E6871EC8-A002-45DC-BB1A-299C6E4FDBA9}.Release|Any CPU.Build.0 = Release|Any CPU
		{8E21D80B-047A-4E79-A62A-FAA8FB588D27}.Debug|Any CPU.ActiveCfg = Debug|Any CPU
		{8E21D80B-047A-4E79-A62A-FAA8FB588D27}.Debug|Any CPU.Build.0 = Debug|Any CPU
		{8E21D80B-047A-4E79-A62A-FAA8FB588D27}.Release|Any CPU.ActiveCfg = Release|Any CPU
		{8E21D80B-047A-4E79-A62A-FAA8FB588D27}.Release|Any CPU.Build.0 = Release|Any CPU
	EndGlobalSection
	GlobalSection(SolutionProperties) = preSolution
		HideSolutionNode = FALSE
	EndGlobalSection
	GlobalSection(NestedProjects) = preSolution
		{36AC8DA8-60B0-4388-A420-1C8B9C5374B5} = {A0018794-17FF-4BB8-9E62-0C62D8D893F4}
		{3AF9A4E3-402A-42EE-BACC-6C242ADA662B} = {A0018794-17FF-4BB8-9E62-0C62D8D893F4}
		{DFF55DED-12EA-41E4-9AB6-D396CA755447} = {3AF9A4E3-402A-42EE-BACC-6C242ADA662B}
		{6A84DF11-0BAF-44B4-8BC0-2F4D56F044B0} = {36AC8DA8-60B0-4388-A420-1C8B9C5374B5}
		{A010095E-3A6B-43B1-BF1C-5DD3E53388AC} = {6DCF17CB-68D7-4513-AD68-B638DAC7FC5F}
		{AC5B39F1-0B86-4816-84C8-BCF86E0C4F8A} = {691B6728-66FC-4D7E-A337-A7A0BD2B4C1A}
		{77AE39F5-46DE-4FB6-8EC5-6F3D6CA73DAD} = {691B6728-66FC-4D7E-A337-A7A0BD2B4C1A}
		{8653B768-CCA2-4CD4-BA97-ABE53FA370C8} = {691B6728-66FC-4D7E-A337-A7A0BD2B4C1A}
		{33A7859E-AD94-44B4-B1D5-333B4F51C0BD} = {691B6728-66FC-4D7E-A337-A7A0BD2B4C1A}
		{2DADFED1-8BC8-4E48-BAFB-26BF83D1E059} = {6DCF17CB-68D7-4513-AD68-B638DAC7FC5F}
		{9CA1C640-0F78-4D58-8AE1-4C8E50B0077E} = {A0018794-17FF-4BB8-9E62-0C62D8D893F4}
		{7DC5B5FC-7486-4132-809D-8E32A399AADF} = {9CA1C640-0F78-4D58-8AE1-4C8E50B0077E}
		{EFA917A4-B282-44D3-AD24-26D73A9BDCA7} = {36AC8DA8-60B0-4388-A420-1C8B9C5374B5}
		{117F96DE-E1C1-41D5-8C20-649007616A46} = {3AF9A4E3-402A-42EE-BACC-6C242ADA662B}
		{BBCC2A6B-1EE4-4409-B966-E9B5B30BF820} = {EFA917A4-B282-44D3-AD24-26D73A9BDCA7}
		{47B11443-AACE-49A7-9265-787514CA0C1F} = {117F96DE-E1C1-41D5-8C20-649007616A46}
		{FF6FE726-6050-4015-9CB0-16CB2D1D4C7F} = {117F96DE-E1C1-41D5-8C20-649007616A46}
		{79AFD25F-1B2E-46A8-A4B8-3CC27221268E} = {117F96DE-E1C1-41D5-8C20-649007616A46}
		{97417897-4BBC-479D-91F0-17DEFBC8F889} = {DFF55DED-12EA-41E4-9AB6-D396CA755447}
		{2F00997F-9074-45CB-B0D8-92AF4764E131} = {36AC8DA8-60B0-4388-A420-1C8B9C5374B5}
		{5A408B36-B3D7-476B-92BF-B78A1D3FBB68} = {3AF9A4E3-402A-42EE-BACC-6C242ADA662B}
		{6114D2A7-3DDB-4B4F-9C35-7C528737BE9A} = {7DC5B5FC-7486-4132-809D-8E32A399AADF}
		{A5ED1B71-D246-4487-A888-929BFC8B7660} = {9CA1C640-0F78-4D58-8AE1-4C8E50B0077E}
		{0A148111-2B8F-47D1-8915-210F42DAAED7} = {9CA1C640-0F78-4D58-8AE1-4C8E50B0077E}
		{F47ECE5F-542E-4852-9E34-AB8AE794DF6E} = {5399C8C1-C9FF-4420-A9DB-DA410DC059BC}
		{EAB3E959-7A8C-4F97-AF3A-0C9E0A03111D} = {0A148111-2B8F-47D1-8915-210F42DAAED7}
		{E6871EC8-A002-45DC-BB1A-299C6E4FDBA9} = {A5ED1B71-D246-4487-A888-929BFC8B7660}
		{8E21D80B-047A-4E79-A62A-FAA8FB588D27} = {A5ED1B71-D246-4487-A888-929BFC8B7660}
	EndGlobalSection
	GlobalSection(ExtensibilityGlobals) = postSolution
		SolutionGuid = {351ECB15-691D-4504-98E3-B02AA18843E8}
	EndGlobalSection
EndGlobal
